PODS:
  - Alamofire (4.9.1)
  - Nimble (8.0.4)
  - Quick (2.2.0)
  - XMLMapper/Core (1.5.3)
  - XMLMapper/Requests (1.5.3):
    - Alamofire (~> 4.9)
    - XMLMapper/Core

DEPENDENCIES:
  - Nimble (~> 8.0)
  - Quick (~> 2.2)
  - XMLMapper/Requests (from `../`)

SPEC REPOS:
  trunk:
    - Alamofire
    - Nimble
    - Quick

EXTERNAL SOURCES:
  XMLMapper:
    :path: "../"

SPEC CHECKSUMS:
  Alamofire: 85e8a02c69d6020a0d734f6054870d7ecb75cf18
  Nimble: 18d5360282923225d62b09d781f63abc1a0111fc
  Quick: 7fb19e13be07b5dfb3b90d4f9824c855a11af40e
  XMLMapper: e3baea11cf84210ef6481081dba03364d848e469

PODFILE CHECKSUM: 0988776aad83d59b5b2ae0b9864f1bbe8140345c

COCOAPODS: 1.8.4
