PODS:
  - Alamofire (5.4.4)
  - Nimble (9.2.1)
  - Quick (4.0.0)
  - XMLMapper/Core (2.0.0)
  - XMLMapper/Requests (2.0.0):
    - Alamofire (~> 5.4)
    - XMLMapper/Core

DEPENDENCIES:
  - Nimble (~> 9.2)
  - Quick (~> 4.0)
  - XMLMapper/Requests (from `../`)

SPEC REPOS:
  trunk:
    - Alamofire
    - Nimble
    - Quick

EXTERNAL SOURCES:
  XMLMapper:
    :path: "../"

SPEC CHECKSUMS:
  Alamofire: f3b09a368f1582ab751b3fff5460276e0d2cf5c9
  Nimble: e7e615c0335ee4bf5b0d786685451e62746117d5
  Quick: 6473349e43b9271a8d43839d9ba1c442ed1b7ac4
  XMLMapper: 45ff16367092620b0b4adbc5e42dd8db6ebb5e0d

PODFILE CHECKSUM: e8ce0e3e0a175b7c9053c2efb67f4974f10f7a56

COCOAPODS: 1.11.2
