PODS:
  - Alamofire (5.4.0)
  - Nimble (8.0.4)
  - Quick (2.2.0)
  - XMLMapper/Core (1.6.1)
  - XMLMapper/Requests (1.6.1):
    - Alamofire (~> 5.4)
    - XMLMapper/Core

DEPENDENCIES:
  - Nimble (~> 8.0)
  - Quick (~> 2.2)
  - XMLMapper/Requests (from `../`)

SPEC REPOS:
  trunk:
    - Alamofire
    - Nimble
    - Quick

EXTERNAL SOURCES:
  XMLMapper:
    :path: "../"

SPEC CHECKSUMS:
  Alamofire: 3b6a534a3df22db367e4dedeeca73d1ddfcf0e2f
  Nimble: 18d5360282923225d62b09d781f63abc1a0111fc
  Quick: 7fb19e13be07b5dfb3b90d4f9824c855a11af40e
  XMLMapper: 2408d209dc90418e018913e4af66f510a9048b7e

PODFILE CHECKSUM: 4c6019c765aeeb24a26ead9d69de39c486363c3c

COCOAPODS: 1.10.0
